// !$*UTF8*$!
{
	archiveVersion = 1;
	classes = {
	};
	objectVersion = 50;
	objects = {

/* Begin PBXGroup section */
		CEF23A72244C8E6F00D02FD7 = {
			isa = PBXGroup;
			children = (
			);
			sourceTree = "<group>";
		};
/* End PBXGroup section */

/* Begin PBXProject section */
		CEF23A73244C8E6F00D02FD7 /* Project object */ = {
			isa = PBXProject;
			attributes = {
				LastUpgradeCheck = 1140;
			};
			buildConfigurationList = CEF23A76244C8E6F00D02FD7 /* Build configuration list for PBXProject "neonlines" */;
			compatibilityVersion = "Xcode 9.3";
			developmentRegion = en;
			hasScannedForEncodings = 0;
			knownRegions = (
				en,
				Base,
			);
			mainGroup = CEF23A72244C8E6F00D02FD7;
			projectDirPath = "";
			projectRoot = "";
			targets = (
			);
		};
/* End PBXProject section */

/* Begin XCBuildConfiguration section */
		CEF23A77244C8E6F00D02FD7 /* Debug */ = {
			isa = XCBuildConfiguration;
			buildSettings = {
			};
			name = Debug;
		};
		CEF23A78244C8E6F00D02FD7 /* Release */ = {
			isa = XCBuildConfiguration;
			buildSettings = {
			};
			name = Release;
		};
/* End XCBuildConfiguration section */

/* Begin XCConfigurationList section */
		CEF23A76244C8E6F00D02FD7 /* Build configuration list for PBXProject "neonlines" */ = {
			isa = XCConfigurationList;
			buildConfigurations = (
				CEF23A77244C8E6F00D02FD7 /* Debug */,
				CEF23A78244C8E6F00D02FD7 /* Release */,
			);
			defaultConfigurationIsVisible = 0;
			defaultConfigurationName = Release;
		};
/* End XCConfigurationList section */
	};
	rootObject = CEF23A73244C8E6F00D02FD7 /* Project object */;
}
