// !$*UTF8*$!
{
	archiveVersion = 1;
	classes = {
	};
	objectVersion = 52;
	objects = {

/* Begin PBXBuildFile section */
		CE09765A247CF3950037B2ED /* Chain.swift in Sources */ = {isa = PBXBuildFile; fileRef = CE097659247CF3950037B2ED /* Chain.swift */; };
		CE09765B247CF3950037B2ED /* Chain.swift in Sources */ = {isa = PBXBuildFile; fileRef = CE097659247CF3950037B2ED /* Chain.swift */; };
		CE0E09422469AE6300FAD2C8 /* Control.swift in Sources */ = {isa = PBXBuildFile; fileRef = CE0E09412469AE6300FAD2C8 /* Control.swift */; };
		CE0E09442469B07200FAD2C8 /* Button.swift in Sources */ = {isa = PBXBuildFile; fileRef = CE0E09432469B07200FAD2C8 /* Button.swift */; };
		CE0E09452469B17400FAD2C8 /* Color.swift in Sources */ = {isa = PBXBuildFile; fileRef = CE382D442459DB56004DE132 /* Color.swift */; };
		CE0F77B4246AFAD100EA3955 /* Store.swift in Sources */ = {isa = PBXBuildFile; fileRef = CE0F77B3246AFAD100EA3955 /* Store.swift */; };
		CE2CC6EE244C996C00C21893 /* View.swift in Sources */ = {isa = PBXBuildFile; fileRef = CE2CC6ED244C996C00C21893 /* View.swift */; };
		CE2CC6F0244C997100C21893 /* Localizable.strings in Resources */ = {isa = PBXBuildFile; fileRef = CEF23AAF244C98EA00D02FD7 /* Localizable.strings */; };
		CE2CC6F8244C9B0900C21893 /* String.swift in Sources */ = {isa = PBXBuildFile; fileRef = CE2CC6F7244C9B0900C21893 /* String.swift */; };
		CE2CC6F9244C9B0900C21893 /* String.swift in Sources */ = {isa = PBXBuildFile; fileRef = CE2CC6F7244C9B0900C21893 /* String.swift */; };
		CE358AAE2469A66600C7FCAD /* Launch.swift in Sources */ = {isa = PBXBuildFile; fileRef = CE358AAD2469A66600C7FCAD /* Launch.swift */; };
		CE358AB02469A86900C7FCAD /* Options.swift in Sources */ = {isa = PBXBuildFile; fileRef = CE358AAF2469A86900C7FCAD /* Options.swift */; };
		CE382D3B2459CFBE004DE132 /* Label.swift in Sources */ = {isa = PBXBuildFile; fileRef = CE382D3A2459CFBE004DE132 /* Label.swift */; };
		CE382D3D2459CFF6004DE132 /* Font.swift in Sources */ = {isa = PBXBuildFile; fileRef = CE382D3C2459CFF6004DE132 /* Font.swift */; };
		CE382D3F2459D363004DE132 /* Options.swift in Sources */ = {isa = PBXBuildFile; fileRef = CE382D3E2459D363004DE132 /* Options.swift */; };
		CE382D412459DAF1004DE132 /* Control.swift in Sources */ = {isa = PBXBuildFile; fileRef = CE382D402459DAF1004DE132 /* Control.swift */; };
		CE382D432459DB34004DE132 /* Button.swift in Sources */ = {isa = PBXBuildFile; fileRef = CE382D422459DB34004DE132 /* Button.swift */; };
		CE382D452459DB56004DE132 /* Color.swift in Sources */ = {isa = PBXBuildFile; fileRef = CE382D442459DB56004DE132 /* Color.swift */; };
		CE40E01124692A0600549907 /* Scene.swift in Sources */ = {isa = PBXBuildFile; fileRef = CE40E01024692A0600549907 /* Scene.swift */; };
		CE40E01324692B4200549907 /* Balam in Frameworks */ = {isa = PBXBuildFile; productRef = CE40E01224692B4200549907 /* Balam */; };
		CE40E01524692B4200549907 /* Brain in Frameworks */ = {isa = PBXBuildFile; productRef = CE40E01424692B4200549907 /* Brain */; };
		CE40E01624692BEF00549907 /* Profile.swift in Sources */ = {isa = PBXBuildFile; fileRef = CE899EB5245EBD930066824A /* Profile.swift */; };
		CE40E01724692BF200549907 /* Skin.swift in Sources */ = {isa = PBXBuildFile; fileRef = CE46A7002459596E000B1F27 /* Skin.swift */; };
		CE42523C246B190300FA14D5 /* Point.swift in Sources */ = {isa = PBXBuildFile; fileRef = CE42523B246B190300FA14D5 /* Point.swift */; };
		CE42523D246B190300FA14D5 /* Point.swift in Sources */ = {isa = PBXBuildFile; fileRef = CE42523B246B190300FA14D5 /* Point.swift */; };
		CE46A7012459596E000B1F27 /* Skin.swift in Sources */ = {isa = PBXBuildFile; fileRef = CE46A7002459596E000B1F27 /* Skin.swift */; };
		CE4BB9F9246EE59500BE032E /* Report.swift in Sources */ = {isa = PBXBuildFile; fileRef = CE4BB9F8246EE59500BE032E /* Report.swift */; };
		CE4E4ECC2466B42200531870 /* GameKit.framework in Frameworks */ = {isa = PBXBuildFile; fileRef = CE4E4ECB2466B42200531870 /* GameKit.framework */; };
		CE4E4ECE2466B42500531870 /* StoreKit.framework in Frameworks */ = {isa = PBXBuildFile; fileRef = CE4E4ECD2466B42500531870 /* StoreKit.framework */; };
		CE5A66C224543D5E00609B51 /* Brain in Frameworks */ = {isa = PBXBuildFile; productRef = CE5A66C124543D5E00609B51 /* Brain */; };
		CE5A8DD024680BF100750A79 /* fatal0.caf in Resources */ = {isa = PBXBuildFile; fileRef = CE5A8DCF24680BF100750A79 /* fatal0.caf */; };
		CE5A8DD4246810EC00750A79 /* fatal2.caf in Resources */ = {isa = PBXBuildFile; fileRef = CE5A8DD1246810EC00750A79 /* fatal2.caf */; };
		CE5A8DD5246810EC00750A79 /* fatal1.caf in Resources */ = {isa = PBXBuildFile; fileRef = CE5A8DD2246810EC00750A79 /* fatal1.caf */; };
		CE5A8DD6246810EC00750A79 /* fatal3.caf in Resources */ = {isa = PBXBuildFile; fileRef = CE5A8DD3246810EC00750A79 /* fatal3.caf */; };
		CE5D3B0C246A7DCD0044C1D3 /* Settings.swift in Sources */ = {isa = PBXBuildFile; fileRef = CE5D3B0B246A7DCD0044C1D3 /* Settings.swift */; };
		CE5D3B0E246A7E920044C1D3 /* Scroll.swift in Sources */ = {isa = PBXBuildFile; fileRef = CE5D3B0D246A7E920044C1D3 /* Scroll.swift */; };
		CE5E2184246BC5AA00FAD5AA /* GameOver.swift in Sources */ = {isa = PBXBuildFile; fileRef = CE5E2183246BC5AA00FAD5AA /* GameOver.swift */; };
		CE5E2186246BC88700FAD5AA /* View+.swift in Sources */ = {isa = PBXBuildFile; fileRef = CE5E2185246BC88700FAD5AA /* View+.swift */; };
		CE5E2188246BC8AA00FAD5AA /* Controller.swift in Sources */ = {isa = PBXBuildFile; fileRef = CE5E2187246BC8AA00FAD5AA /* Controller.swift */; };
		CE769E69247267DF0038D0D8 /* Others.swift in Sources */ = {isa = PBXBuildFile; fileRef = CE769E68247267DF0038D0D8 /* Others.swift */; };
		CE769E6A247267DF0038D0D8 /* Others.swift in Sources */ = {isa = PBXBuildFile; fileRef = CE769E68247267DF0038D0D8 /* Others.swift */; };
		CE7CE25A2459E91400CD8791 /* Settings.swift in Sources */ = {isa = PBXBuildFile; fileRef = CE7CE2592459E91400CD8791 /* Settings.swift */; };
		CE7CE25C2459EC9600CD8791 /* Scroll.swift in Sources */ = {isa = PBXBuildFile; fileRef = CE7CE25B2459EC9600CD8791 /* Scroll.swift */; };
		CE7CE25E2459EEED00CD8791 /* Store.swift in Sources */ = {isa = PBXBuildFile; fileRef = CE7CE25D2459EEED00CD8791 /* Store.swift */; };
		CE7D03372455E294001AC44B /* Line.swift in Sources */ = {isa = PBXBuildFile; fileRef = CE7D03362455E294001AC44B /* Line.swift */; };
		CE7D03392455E8E0001AC44B /* Hud.swift in Sources */ = {isa = PBXBuildFile; fileRef = CE7D03382455E8E0001AC44B /* Hud.swift */; };
		CE7D033B2455F650001AC44B /* Minimap.swift in Sources */ = {isa = PBXBuildFile; fileRef = CE7D033A2455F650001AC44B /* Minimap.swift */; };
		CE86FBB5246B142B0094A54C /* View.swift in Sources */ = {isa = PBXBuildFile; fileRef = CE2CC6ED244C996C00C21893 /* View.swift */; };
		CE86FBB6246B14340094A54C /* UInt32.swift in Sources */ = {isa = PBXBuildFile; fileRef = CEDDDE192451C6F800C97E0A /* UInt32.swift */; };
		CE86FBB7246B14610094A54C /* Borders.swift in Sources */ = {isa = PBXBuildFile; fileRef = CEB504792450991E00D5B1BC /* Borders.swift */; };
		CE86FBB8246B14650094A54C /* Hud.swift in Sources */ = {isa = PBXBuildFile; fileRef = CE7D03382455E8E0001AC44B /* Hud.swift */; };
		CE86FBB9246B14680094A54C /* Line.swift in Sources */ = {isa = PBXBuildFile; fileRef = CE7D03362455E294001AC44B /* Line.swift */; };
		CE86FBBA246B146C0094A54C /* Minimap.swift in Sources */ = {isa = PBXBuildFile; fileRef = CE7D033A2455F650001AC44B /* Minimap.swift */; };
		CE86FBBB246B146F0094A54C /* Player.swift in Sources */ = {isa = PBXBuildFile; fileRef = CED29E47245015BC00AE2F7F /* Player.swift */; };
		CE86FBBD246B14740094A54C /* Wheel.swift in Sources */ = {isa = PBXBuildFile; fileRef = CE9443D2244CA5000087CDA9 /* Wheel.swift */; };
		CE86FBBE246B14770094A54C /* fatal0.caf in Resources */ = {isa = PBXBuildFile; fileRef = CE5A8DCF24680BF100750A79 /* fatal0.caf */; };
		CE86FBBF246B147A0094A54C /* fatal1.caf in Resources */ = {isa = PBXBuildFile; fileRef = CE5A8DD2246810EC00750A79 /* fatal1.caf */; };
		CE86FBC0246B147D0094A54C /* fatal2.caf in Resources */ = {isa = PBXBuildFile; fileRef = CE5A8DD1246810EC00750A79 /* fatal2.caf */; };
		CE86FBC1246B14800094A54C /* fatal3.caf in Resources */ = {isa = PBXBuildFile; fileRef = CE5A8DD3246810EC00750A79 /* fatal3.caf */; };
		CE86FBC2246B14820094A54C /* crash.caf in Resources */ = {isa = PBXBuildFile; fileRef = CEFADD8A246737FD00A4A185 /* crash.caf */; };
		CE86FBC8246B17720094A54C /* View+.swift in Sources */ = {isa = PBXBuildFile; fileRef = CE86FBC7246B17720094A54C /* View+.swift */; };
		CE899EB4245EBAA00066824A /* GameOver.swift in Sources */ = {isa = PBXBuildFile; fileRef = CE899EB3245EBAA00066824A /* GameOver.swift */; };
		CE899EB6245EBD930066824A /* Profile.swift in Sources */ = {isa = PBXBuildFile; fileRef = CE899EB5245EBD930066824A /* Profile.swift */; };
		CE899EB8245EC3B10066824A /* Separator.swift in Sources */ = {isa = PBXBuildFile; fileRef = CE899EB7245EC3B10066824A /* Separator.swift */; };
		CE900BF72472ED1400D80AFA /* Report.swift in Sources */ = {isa = PBXBuildFile; fileRef = CE4BB9F8246EE59500BE032E /* Report.swift */; };
		CE9443D0244CA2E30087CDA9 /* Media.xcassets in Resources */ = {isa = PBXBuildFile; fileRef = CE9443CF244CA2E30087CDA9 /* Media.xcassets */; };
		CE9443D1244CA2E30087CDA9 /* Media.xcassets in Resources */ = {isa = PBXBuildFile; fileRef = CE9443CF244CA2E30087CDA9 /* Media.xcassets */; };
		CE9443D3244CA5000087CDA9 /* Wheel.swift in Sources */ = {isa = PBXBuildFile; fileRef = CE9443D2244CA5000087CDA9 /* Wheel.swift */; };
		CEAD7B12246AFFDE005A34B1 /* Separator.swift in Sources */ = {isa = PBXBuildFile; fileRef = CEAD7B11246AFFDE005A34B1 /* Separator.swift */; };
		CEAD8399247832B6007CD3EC /* StoreMaster.swift in Sources */ = {isa = PBXBuildFile; fileRef = CEAD8398247832B6007CD3EC /* StoreMaster.swift */; };
		CEAD839A24783585007CD3EC /* StoreMaster.swift in Sources */ = {isa = PBXBuildFile; fileRef = CEAD8398247832B6007CD3EC /* StoreMaster.swift */; };
		CEAD839C2478360F007CD3EC /* StoreDelegate.swift in Sources */ = {isa = PBXBuildFile; fileRef = CEAD839B2478360F007CD3EC /* StoreDelegate.swift */; };
		CEAD839D2478360F007CD3EC /* StoreDelegate.swift in Sources */ = {isa = PBXBuildFile; fileRef = CEAD839B2478360F007CD3EC /* StoreDelegate.swift */; };
		CEB5047A2450991E00D5B1BC /* Borders.swift in Sources */ = {isa = PBXBuildFile; fileRef = CEB504792450991E00D5B1BC /* Borders.swift */; };
		CEBB44222474312A00B9B107 /* GameMaster.swift in Sources */ = {isa = PBXBuildFile; fileRef = CEBB44212474312A00B9B107 /* GameMaster.swift */; };
		CEBB44232474312A00B9B107 /* GameMaster.swift in Sources */ = {isa = PBXBuildFile; fileRef = CEBB44212474312A00B9B107 /* GameMaster.swift */; };
		CEBB442524743FF500B9B107 /* GameDelegate.swift in Sources */ = {isa = PBXBuildFile; fileRef = CEBB442424743FF500B9B107 /* GameDelegate.swift */; };
		CEBB442624743FF500B9B107 /* GameDelegate.swift in Sources */ = {isa = PBXBuildFile; fileRef = CEBB442424743FF500B9B107 /* GameDelegate.swift */; };
		CEBB442824744AA600B9B107 /* Defeated.swift in Sources */ = {isa = PBXBuildFile; fileRef = CEBB442724744AA600B9B107 /* Defeated.swift */; };
		CEBB442924744AA600B9B107 /* Defeated.swift in Sources */ = {isa = PBXBuildFile; fileRef = CEBB442724744AA600B9B107 /* Defeated.swift */; };
		CED29E48245015BC00AE2F7F /* Player.swift in Sources */ = {isa = PBXBuildFile; fileRef = CED29E47245015BC00AE2F7F /* Player.swift */; };
		CED910AC246BCA79003FEE51 /* Froob.swift in Sources */ = {isa = PBXBuildFile; fileRef = CED910AB246BCA79003FEE51 /* Froob.swift */; };
		CED910AE246BCF0D003FEE51 /* LabelNode.swift in Sources */ = {isa = PBXBuildFile; fileRef = CED910AD246BCF0D003FEE51 /* LabelNode.swift */; };
		CED910AF246BCF0D003FEE51 /* LabelNode.swift in Sources */ = {isa = PBXBuildFile; fileRef = CED910AD246BCF0D003FEE51 /* LabelNode.swift */; };
		CEDDDE1A2451C6F800C97E0A /* UInt32.swift in Sources */ = {isa = PBXBuildFile; fileRef = CEDDDE192451C6F800C97E0A /* UInt32.swift */; };
		CEE5DBAC246E732F00C2FE73 /* Times.swift in Sources */ = {isa = PBXBuildFile; fileRef = CEE5DBAB246E732F00C2FE73 /* Times.swift */; };
		CEE5DBAD246E732F00C2FE73 /* Times.swift in Sources */ = {isa = PBXBuildFile; fileRef = CEE5DBAB246E732F00C2FE73 /* Times.swift */; };
		CEE5DBAF246E736D00C2FE73 /* AiView.swift in Sources */ = {isa = PBXBuildFile; fileRef = CEE5DBAE246E736D00C2FE73 /* AiView.swift */; };
		CEE5DBB0246E736D00C2FE73 /* AiView.swift in Sources */ = {isa = PBXBuildFile; fileRef = CEE5DBAE246E736D00C2FE73 /* AiView.swift */; };
		CEE5DBB2246E739800C2FE73 /* MultiplayerView.swift in Sources */ = {isa = PBXBuildFile; fileRef = CEE5DBB1246E739800C2FE73 /* MultiplayerView.swift */; };
		CEE5DBB3246E739800C2FE73 /* MultiplayerView.swift in Sources */ = {isa = PBXBuildFile; fileRef = CEE5DBB1246E739800C2FE73 /* MultiplayerView.swift */; };
		CEE5DBB6246E76E600C2FE73 /* UIResponder.swift in Sources */ = {isa = PBXBuildFile; fileRef = CEE5DBB4246E76E600C2FE73 /* UIResponder.swift */; };
		CEED9C3524647B58006AA889 /* Froob.swift in Sources */ = {isa = PBXBuildFile; fileRef = CEED9C3424647B58006AA889 /* Froob.swift */; };
		CEF10FF5246FEF5A009FA1DD /* State.swift in Sources */ = {isa = PBXBuildFile; fileRef = CEF10FF4246FEF5A009FA1DD /* State.swift */; };
		CEF10FF6246FEF5A009FA1DD /* State.swift in Sources */ = {isa = PBXBuildFile; fileRef = CEF10FF4246FEF5A009FA1DD /* State.swift */; };
		CEF23A81244C8EA200D02FD7 /* App.swift in Sources */ = {isa = PBXBuildFile; fileRef = CEF23A80244C8EA200D02FD7 /* App.swift */; };
		CEF23A85244C8EA200D02FD7 /* Assets.xcassets in Resources */ = {isa = PBXBuildFile; fileRef = CEF23A84244C8EA200D02FD7 /* Assets.xcassets */; };
		CEF23A95244C8EB100D02FD7 /* Window.swift in Sources */ = {isa = PBXBuildFile; fileRef = CEF23A94244C8EB100D02FD7 /* Window.swift */; };
		CEF23A9E244C8EB100D02FD7 /* Assets.xcassets in Resources */ = {isa = PBXBuildFile; fileRef = CEF23A9D244C8EB100D02FD7 /* Assets.xcassets */; };
		CEF23AA1244C8EB100D02FD7 /* LaunchScreen.storyboard in Resources */ = {isa = PBXBuildFile; fileRef = CEF23A9F244C8EB100D02FD7 /* LaunchScreen.storyboard */; };
		CEF23AAC244C97F000D02FD7 /* Balam in Frameworks */ = {isa = PBXBuildFile; productRef = CEF23AAB244C97F000D02FD7 /* Balam */; };
		CEF23AAE244C984100D02FD7 /* Window.swift in Sources */ = {isa = PBXBuildFile; fileRef = CEF23AAD244C984100D02FD7 /* Window.swift */; };
		CEF23AB1244C98EA00D02FD7 /* Localizable.strings in Resources */ = {isa = PBXBuildFile; fileRef = CEF23AAF244C98EA00D02FD7 /* Localizable.strings */; };
		CEFADD882467304B00A4A185 /* Menu.swift in Sources */ = {isa = PBXBuildFile; fileRef = CEFADD872467304B00A4A185 /* Menu.swift */; };
		CEFADD8C246737FD00A4A185 /* crash.caf in Resources */ = {isa = PBXBuildFile; fileRef = CEFADD8A246737FD00A4A185 /* crash.caf */; };
		CEFE4D2E246FD3750077F44E /* spawn.caf in Resources */ = {isa = PBXBuildFile; fileRef = CEFE4D2D246FD3750077F44E /* spawn.caf */; };
		CEFE4D2F246FD3750077F44E /* spawn.caf in Resources */ = {isa = PBXBuildFile; fileRef = CEFE4D2D246FD3750077F44E /* spawn.caf */; };
/* End PBXBuildFile section */

/* Begin PBXFileReference section */
		CE097659247CF3950037B2ED /* Chain.swift */ = {isa = PBXFileReference; lastKnownFileType = sourcecode.swift; path = Chain.swift; sourceTree = "<group>"; };
		CE0E09412469AE6300FAD2C8 /* Control.swift */ = {isa = PBXFileReference; lastKnownFileType = sourcecode.swift; path = Control.swift; sourceTree = "<group>"; };
		CE0E09432469B07200FAD2C8 /* Button.swift */ = {isa = PBXFileReference; lastKnownFileType = sourcecode.swift; path = Button.swift; sourceTree = "<group>"; };
		CE0F77B3246AFAD100EA3955 /* Store.swift */ = {isa = PBXFileReference; lastKnownFileType = sourcecode.swift; path = Store.swift; sourceTree = "<group>"; };
		CE2CC6ED244C996C00C21893 /* View.swift */ = {isa = PBXFileReference; lastKnownFileType = sourcecode.swift; path = View.swift; sourceTree = "<group>"; };
		CE2CC6F7244C9B0900C21893 /* String.swift */ = {isa = PBXFileReference; lastKnownFileType = sourcecode.swift; path = String.swift; sourceTree = "<group>"; };
		CE358AAD2469A66600C7FCAD /* Launch.swift */ = {isa = PBXFileReference; lastKnownFileType = sourcecode.swift; path = Launch.swift; sourceTree = "<group>"; };
		CE358AAF2469A86900C7FCAD /* Options.swift */ = {isa = PBXFileReference; lastKnownFileType = sourcecode.swift; path = Options.swift; sourceTree = "<group>"; };
		CE382D3A2459CFBE004DE132 /* Label.swift */ = {isa = PBXFileReference; lastKnownFileType = sourcecode.swift; path = Label.swift; sourceTree = "<group>"; };
		CE382D3C2459CFF6004DE132 /* Font.swift */ = {isa = PBXFileReference; lastKnownFileType = sourcecode.swift; path = Font.swift; sourceTree = "<group>"; };
		CE382D3E2459D363004DE132 /* Options.swift */ = {isa = PBXFileReference; lastKnownFileType = sourcecode.swift; path = Options.swift; sourceTree = "<group>"; };
		CE382D402459DAF1004DE132 /* Control.swift */ = {isa = PBXFileReference; lastKnownFileType = sourcecode.swift; path = Control.swift; sourceTree = "<group>"; };
		CE382D422459DB34004DE132 /* Button.swift */ = {isa = PBXFileReference; lastKnownFileType = sourcecode.swift; path = Button.swift; sourceTree = "<group>"; };
		CE382D442459DB56004DE132 /* Color.swift */ = {isa = PBXFileReference; lastKnownFileType = sourcecode.swift; path = Color.swift; sourceTree = "<group>"; };
		CE40E01024692A0600549907 /* Scene.swift */ = {isa = PBXFileReference; lastKnownFileType = sourcecode.swift; path = Scene.swift; sourceTree = "<group>"; };
		CE42523B246B190300FA14D5 /* Point.swift */ = {isa = PBXFileReference; lastKnownFileType = sourcecode.swift; path = Point.swift; sourceTree = "<group>"; };
		CE46A7002459596E000B1F27 /* Skin.swift */ = {isa = PBXFileReference; lastKnownFileType = sourcecode.swift; path = Skin.swift; sourceTree = "<group>"; };
		CE4BB9F8246EE59500BE032E /* Report.swift */ = {isa = PBXFileReference; lastKnownFileType = sourcecode.swift; path = Report.swift; sourceTree = "<group>"; };
		CE4E4ECB2466B42200531870 /* GameKit.framework */ = {isa = PBXFileReference; lastKnownFileType = wrapper.framework; name = GameKit.framework; path = System/Library/Frameworks/GameKit.framework; sourceTree = SDKROOT; };
		CE4E4ECD2466B42500531870 /* StoreKit.framework */ = {isa = PBXFileReference; lastKnownFileType = wrapper.framework; name = StoreKit.framework; path = System/Library/Frameworks/StoreKit.framework; sourceTree = SDKROOT; };
		CE5A8DCF24680BF100750A79 /* fatal0.caf */ = {isa = PBXFileReference; lastKnownFileType = file; path = fatal0.caf; sourceTree = "<group>"; };
		CE5A8DD1246810EC00750A79 /* fatal2.caf */ = {isa = PBXFileReference; lastKnownFileType = file; path = fatal2.caf; sourceTree = "<group>"; };
		CE5A8DD2246810EC00750A79 /* fatal1.caf */ = {isa = PBXFileReference; lastKnownFileType = file; path = fatal1.caf; sourceTree = "<group>"; };
		CE5A8DD3246810EC00750A79 /* fatal3.caf */ = {isa = PBXFileReference; lastKnownFileType = file; path = fatal3.caf; sourceTree = "<group>"; };
		CE5D3B0B246A7DCD0044C1D3 /* Settings.swift */ = {isa = PBXFileReference; lastKnownFileType = sourcecode.swift; path = Settings.swift; sourceTree = "<group>"; };
		CE5D3B0D246A7E920044C1D3 /* Scroll.swift */ = {isa = PBXFileReference; lastKnownFileType = sourcecode.swift; path = Scroll.swift; sourceTree = "<group>"; };
		CE5E2183246BC5AA00FAD5AA /* GameOver.swift */ = {isa = PBXFileReference; lastKnownFileType = sourcecode.swift; path = GameOver.swift; sourceTree = "<group>"; };
		CE5E2185246BC88700FAD5AA /* View+.swift */ = {isa = PBXFileReference; lastKnownFileType = sourcecode.swift; path = "View+.swift"; sourceTree = "<group>"; };
		CE5E2187246BC8AA00FAD5AA /* Controller.swift */ = {isa = PBXFileReference; lastKnownFileType = sourcecode.swift; path = Controller.swift; sourceTree = "<group>"; };
		CE769E68247267DF0038D0D8 /* Others.swift */ = {isa = PBXFileReference; lastKnownFileType = sourcecode.swift; path = Others.swift; sourceTree = "<group>"; };
		CE7CE2592459E91400CD8791 /* Settings.swift */ = {isa = PBXFileReference; lastKnownFileType = sourcecode.swift; path = Settings.swift; sourceTree = "<group>"; };
		CE7CE25B2459EC9600CD8791 /* Scroll.swift */ = {isa = PBXFileReference; lastKnownFileType = sourcecode.swift; path = Scroll.swift; sourceTree = "<group>"; };
		CE7CE25D2459EEED00CD8791 /* Store.swift */ = {isa = PBXFileReference; lastKnownFileType = sourcecode.swift; path = Store.swift; sourceTree = "<group>"; };
		CE7D03362455E294001AC44B /* Line.swift */ = {isa = PBXFileReference; lastKnownFileType = sourcecode.swift; path = Line.swift; sourceTree = "<group>"; };
		CE7D03382455E8E0001AC44B /* Hud.swift */ = {isa = PBXFileReference; lastKnownFileType = sourcecode.swift; path = Hud.swift; sourceTree = "<group>"; };
		CE7D033A2455F650001AC44B /* Minimap.swift */ = {isa = PBXFileReference; lastKnownFileType = sourcecode.swift; path = Minimap.swift; sourceTree = "<group>"; };
		CE86FBC7246B17720094A54C /* View+.swift */ = {isa = PBXFileReference; lastKnownFileType = sourcecode.swift; path = "View+.swift"; sourceTree = "<group>"; };
		CE899EB3245EBAA00066824A /* GameOver.swift */ = {isa = PBXFileReference; lastKnownFileType = sourcecode.swift; path = GameOver.swift; sourceTree = "<group>"; };
		CE899EB5245EBD930066824A /* Profile.swift */ = {isa = PBXFileReference; lastKnownFileType = sourcecode.swift; path = Profile.swift; sourceTree = "<group>"; };
		CE899EB7245EC3B10066824A /* Separator.swift */ = {isa = PBXFileReference; lastKnownFileType = sourcecode.swift; path = Separator.swift; sourceTree = "<group>"; };
		CE9443CF244CA2E30087CDA9 /* Media.xcassets */ = {isa = PBXFileReference; lastKnownFileType = folder.assetcatalog; path = Media.xcassets; sourceTree = "<group>"; };
		CE9443D2244CA5000087CDA9 /* Wheel.swift */ = {isa = PBXFileReference; lastKnownFileType = sourcecode.swift; path = Wheel.swift; sourceTree = "<group>"; };
		CEAD7B11246AFFDE005A34B1 /* Separator.swift */ = {isa = PBXFileReference; lastKnownFileType = sourcecode.swift; path = Separator.swift; sourceTree = "<group>"; };
		CEAD8398247832B6007CD3EC /* StoreMaster.swift */ = {isa = PBXFileReference; lastKnownFileType = sourcecode.swift; path = StoreMaster.swift; sourceTree = "<group>"; };
		CEAD839B2478360F007CD3EC /* StoreDelegate.swift */ = {isa = PBXFileReference; lastKnownFileType = sourcecode.swift; path = StoreDelegate.swift; sourceTree = "<group>"; };
		CEB504792450991E00D5B1BC /* Borders.swift */ = {isa = PBXFileReference; lastKnownFileType = sourcecode.swift; path = Borders.swift; sourceTree = "<group>"; };
		CEBB44212474312A00B9B107 /* GameMaster.swift */ = {isa = PBXFileReference; lastKnownFileType = sourcecode.swift; path = GameMaster.swift; sourceTree = "<group>"; };
		CEBB442424743FF500B9B107 /* GameDelegate.swift */ = {isa = PBXFileReference; lastKnownFileType = sourcecode.swift; path = GameDelegate.swift; sourceTree = "<group>"; };
		CEBB442724744AA600B9B107 /* Defeated.swift */ = {isa = PBXFileReference; lastKnownFileType = sourcecode.swift; path = Defeated.swift; sourceTree = "<group>"; };
		CED29E47245015BC00AE2F7F /* Player.swift */ = {isa = PBXFileReference; lastKnownFileType = sourcecode.swift; path = Player.swift; sourceTree = "<group>"; };
		CED910AB246BCA79003FEE51 /* Froob.swift */ = {isa = PBXFileReference; lastKnownFileType = sourcecode.swift; path = Froob.swift; sourceTree = "<group>"; };
		CED910AD246BCF0D003FEE51 /* LabelNode.swift */ = {isa = PBXFileReference; lastKnownFileType = sourcecode.swift; path = LabelNode.swift; sourceTree = "<group>"; };
		CEDDDE192451C6F800C97E0A /* UInt32.swift */ = {isa = PBXFileReference; lastKnownFileType = sourcecode.swift; path = UInt32.swift; sourceTree = "<group>"; };
		CEE5DBAB246E732F00C2FE73 /* Times.swift */ = {isa = PBXFileReference; lastKnownFileType = sourcecode.swift; path = Times.swift; sourceTree = "<group>"; };
		CEE5DBAE246E736D00C2FE73 /* AiView.swift */ = {isa = PBXFileReference; lastKnownFileType = sourcecode.swift; path = AiView.swift; sourceTree = "<group>"; };
		CEE5DBB1246E739800C2FE73 /* MultiplayerView.swift */ = {isa = PBXFileReference; lastKnownFileType = sourcecode.swift; path = MultiplayerView.swift; sourceTree = "<group>"; };
		CEE5DBB4246E76E600C2FE73 /* UIResponder.swift */ = {isa = PBXFileReference; lastKnownFileType = sourcecode.swift; path = UIResponder.swift; sourceTree = "<group>"; };
		CEED9C3424647B58006AA889 /* Froob.swift */ = {isa = PBXFileReference; lastKnownFileType = sourcecode.swift; path = Froob.swift; sourceTree = "<group>"; };
		CEF10FF4246FEF5A009FA1DD /* State.swift */ = {isa = PBXFileReference; lastKnownFileType = sourcecode.swift; path = State.swift; sourceTree = "<group>"; };
		CEF23A7D244C8EA200D02FD7 /* Lines.app */ = {isa = PBXFileReference; explicitFileType = wrapper.application; includeInIndex = 0; path = Lines.app; sourceTree = BUILT_PRODUCTS_DIR; };
		CEF23A80244C8EA200D02FD7 /* App.swift */ = {isa = PBXFileReference; lastKnownFileType = sourcecode.swift; path = App.swift; sourceTree = "<group>"; };
		CEF23A84244C8EA200D02FD7 /* Assets.xcassets */ = {isa = PBXFileReference; lastKnownFileType = folder.assetcatalog; path = Assets.xcassets; sourceTree = "<group>"; };
		CEF23A89244C8EA200D02FD7 /* Info.plist */ = {isa = PBXFileReference; lastKnownFileType = text.plist.xml; path = Info.plist; sourceTree = "<group>"; };
		CEF23A8A244C8EA200D02FD7 /* mac.entitlements */ = {isa = PBXFileReference; lastKnownFileType = text.plist.entitlements; path = mac.entitlements; sourceTree = "<group>"; };
		CEF23A92244C8EB100D02FD7 /* Lines.app */ = {isa = PBXFileReference; explicitFileType = wrapper.application; includeInIndex = 0; path = Lines.app; sourceTree = BUILT_PRODUCTS_DIR; };
		CEF23A94244C8EB100D02FD7 /* Window.swift */ = {isa = PBXFileReference; lastKnownFileType = sourcecode.swift; path = Window.swift; sourceTree = "<group>"; };
		CEF23A9D244C8EB100D02FD7 /* Assets.xcassets */ = {isa = PBXFileReference; lastKnownFileType = folder.assetcatalog; path = Assets.xcassets; sourceTree = "<group>"; };
		CEF23AA0244C8EB100D02FD7 /* Base */ = {isa = PBXFileReference; lastKnownFileType = file.storyboard; name = Base; path = Base.lproj/LaunchScreen.storyboard; sourceTree = "<group>"; };
		CEF23AA2244C8EB100D02FD7 /* Info.plist */ = {isa = PBXFileReference; lastKnownFileType = text.plist.xml; path = Info.plist; sourceTree = "<group>"; };
		CEF23AA6244C8F2D00D02FD7 /* .gitignore */ = {isa = PBXFileReference; lastKnownFileType = text; path = .gitignore; sourceTree = "<group>"; };
		CEF23AA7244C8F2D00D02FD7 /* README.md */ = {isa = PBXFileReference; lastKnownFileType = net.daringfireball.markdown; path = README.md; sourceTree = "<group>"; };
		CEF23AA8244C8F2D00D02FD7 /* LICENSE */ = {isa = PBXFileReference; lastKnownFileType = text; path = LICENSE; sourceTree = "<group>"; };
		CEF23AAD244C984100D02FD7 /* Window.swift */ = {isa = PBXFileReference; lastKnownFileType = sourcecode.swift; path = Window.swift; sourceTree = "<group>"; };
		CEF23AB0244C98EA00D02FD7 /* Base */ = {isa = PBXFileReference; lastKnownFileType = text.plist.strings; name = Base; path = Base.lproj/Localizable.strings; sourceTree = "<group>"; };
		CEFADD872467304B00A4A185 /* Menu.swift */ = {isa = PBXFileReference; lastKnownFileType = sourcecode.swift; path = Menu.swift; sourceTree = "<group>"; };
		CEFADD8A246737FD00A4A185 /* crash.caf */ = {isa = PBXFileReference; lastKnownFileType = file; path = crash.caf; sourceTree = "<group>"; };
		CEFE4D2D246FD3750077F44E /* spawn.caf */ = {isa = PBXFileReference; lastKnownFileType = file; path = spawn.caf; sourceTree = "<group>"; };
/* End PBXFileReference section */

/* Begin PBXFrameworksBuildPhase section */
		CEF23A7A244C8EA200D02FD7 /* Frameworks */ = {
			isa = PBXFrameworksBuildPhase;
			buildActionMask = 2147483647;
			files = (
				CE4E4ECC2466B42200531870 /* GameKit.framework in Frameworks */,
				CEF23AAC244C97F000D02FD7 /* Balam in Frameworks */,
				CE5A66C224543D5E00609B51 /* Brain in Frameworks */,
				CE4E4ECE2466B42500531870 /* StoreKit.framework in Frameworks */,
			);
			runOnlyForDeploymentPostprocessing = 0;
		};
		CEF23A8F244C8EB100D02FD7 /* Frameworks */ = {
			isa = PBXFrameworksBuildPhase;
			buildActionMask = 2147483647;
			files = (
				CE40E01324692B4200549907 /* Balam in Frameworks */,
				CE40E01524692B4200549907 /* Brain in Frameworks */,
			);
			runOnlyForDeploymentPostprocessing = 0;
		};
/* End PBXFrameworksBuildPhase section */

/* Begin PBXGroup section */
		CE46A6FF2459595C000B1F27 /* Models */ = {
			isa = PBXGroup;
			children = (
				CE899EB5245EBD930066824A /* Profile.swift */,
				CE4BB9F8246EE59500BE032E /* Report.swift */,
				CE46A7002459596E000B1F27 /* Skin.swift */,
				CEF10FF4246FEF5A009FA1DD /* State.swift */,
				CEE5DBAB246E732F00C2FE73 /* Times.swift */,
			);
			path = Models;
			sourceTree = "<group>";
		};
		CEA411E82452BC7F000A80B9 /* Nodes */ = {
			isa = PBXGroup;
			children = (
				CEB504792450991E00D5B1BC /* Borders.swift */,
				CE097659247CF3950037B2ED /* Chain.swift */,
				CEBB442724744AA600B9B107 /* Defeated.swift */,
				CE7D03382455E8E0001AC44B /* Hud.swift */,
				CE7D03362455E294001AC44B /* Line.swift */,
				CE7D033A2455F650001AC44B /* Minimap.swift */,
				CE769E68247267DF0038D0D8 /* Others.swift */,
				CED29E47245015BC00AE2F7F /* Player.swift */,
				CE9443D2244CA5000087CDA9 /* Wheel.swift */,
			);
			path = Nodes;
			sourceTree = "<group>";
		};
		CEA411E92452BC95000A80B9 /* Extensions */ = {
			isa = PBXGroup;
			children = (
				CE382D442459DB56004DE132 /* Color.swift */,
				CED910AD246BCF0D003FEE51 /* LabelNode.swift */,
				CE42523B246B190300FA14D5 /* Point.swift */,
				CE2CC6F7244C9B0900C21893 /* String.swift */,
				CEDDDE192451C6F800C97E0A /* UInt32.swift */,
			);
			path = Extensions;
			sourceTree = "<group>";
		};
		CEBB44202474311900B9B107 /* Game */ = {
			isa = PBXGroup;
			children = (
				CEBB442424743FF500B9B107 /* GameDelegate.swift */,
				CEBB44212474312A00B9B107 /* GameMaster.swift */,
				CEAD839B2478360F007CD3EC /* StoreDelegate.swift */,
				CEAD8398247832B6007CD3EC /* StoreMaster.swift */,
			);
			path = Game;
			sourceTree = "<group>";
		};
		CEEB08AD2466A8630057041C /* Frameworks */ = {
			isa = PBXGroup;
			children = (
				CE4E4ECD2466B42500531870 /* StoreKit.framework */,
				CE4E4ECB2466B42200531870 /* GameKit.framework */,
			);
			name = Frameworks;
			sourceTree = "<group>";
		};
		CEF23A72244C8E6F00D02FD7 = {
			isa = PBXGroup;
			children = (
				CEF23AA6244C8F2D00D02FD7 /* .gitignore */,
				CEF23AA8244C8F2D00D02FD7 /* LICENSE */,
				CEF23AA7244C8F2D00D02FD7 /* README.md */,
				CEEB08AD2466A8630057041C /* Frameworks */,
				CEF23A93244C8EB100D02FD7 /* iOS */,
				CEF23A7F244C8EA200D02FD7 /* macOS */,
				CEF23A7E244C8EA200D02FD7 /* Products */,
				CEF23AA9244C8F3C00D02FD7 /* Shared */,
			);
			sourceTree = "<group>";
		};
		CEF23A7E244C8EA200D02FD7 /* Products */ = {
			isa = PBXGroup;
			children = (
				CEF23A7D244C8EA200D02FD7 /* Lines.app */,
				CEF23A92244C8EB100D02FD7 /* Lines.app */,
			);
			name = Products;
			sourceTree = "<group>";
		};
		CEF23A7F244C8EA200D02FD7 /* macOS */ = {
			isa = PBXGroup;
			children = (
				CEF23A8A244C8EA200D02FD7 /* mac.entitlements */,
				CEF23A89244C8EA200D02FD7 /* Info.plist */,
				CEF23A80244C8EA200D02FD7 /* App.swift */,
				CE382D422459DB34004DE132 /* Button.swift */,
				CE382D402459DAF1004DE132 /* Control.swift */,
				CE382D3C2459CFF6004DE132 /* Font.swift */,
				CEED9C3424647B58006AA889 /* Froob.swift */,
				CE899EB3245EBAA00066824A /* GameOver.swift */,
				CE382D3A2459CFBE004DE132 /* Label.swift */,
				CEFADD872467304B00A4A185 /* Menu.swift */,
				CE382D3E2459D363004DE132 /* Options.swift */,
				CE7CE25B2459EC9600CD8791 /* Scroll.swift */,
				CE899EB7245EC3B10066824A /* Separator.swift */,
				CE7CE2592459E91400CD8791 /* Settings.swift */,
				CE7CE25D2459EEED00CD8791 /* Store.swift */,
				CE86FBC7246B17720094A54C /* View+.swift */,
				CEF23AAD244C984100D02FD7 /* Window.swift */,
				CEF23A84244C8EA200D02FD7 /* Assets.xcassets */,
			);
			path = macOS;
			sourceTree = "<group>";
		};
		CEF23A93244C8EB100D02FD7 /* iOS */ = {
			isa = PBXGroup;
			children = (
				CEF23AA2244C8EB100D02FD7 /* Info.plist */,
				CE0E09432469B07200FAD2C8 /* Button.swift */,
				CE0E09412469AE6300FAD2C8 /* Control.swift */,
				CE5E2187246BC8AA00FAD5AA /* Controller.swift */,
				CED910AB246BCA79003FEE51 /* Froob.swift */,
				CE5E2183246BC5AA00FAD5AA /* GameOver.swift */,
				CE358AAD2469A66600C7FCAD /* Launch.swift */,
				CE358AAF2469A86900C7FCAD /* Options.swift */,
				CE40E01024692A0600549907 /* Scene.swift */,
				CE5D3B0D246A7E920044C1D3 /* Scroll.swift */,
				CEAD7B11246AFFDE005A34B1 /* Separator.swift */,
				CE5D3B0B246A7DCD0044C1D3 /* Settings.swift */,
				CE0F77B3246AFAD100EA3955 /* Store.swift */,
				CEE5DBB4246E76E600C2FE73 /* UIResponder.swift */,
				CE5E2185246BC88700FAD5AA /* View+.swift */,
				CEF23A94244C8EB100D02FD7 /* Window.swift */,
				CEF23A9D244C8EB100D02FD7 /* Assets.xcassets */,
				CEF23A9F244C8EB100D02FD7 /* LaunchScreen.storyboard */,
			);
			path = iOS;
			sourceTree = "<group>";
		};
		CEF23AA9244C8F3C00D02FD7 /* Shared */ = {
			isa = PBXGroup;
			children = (
				CE9443CF244CA2E30087CDA9 /* Media.xcassets */,
				CEA411E92452BC95000A80B9 /* Extensions */,
				CEBB44202474311900B9B107 /* Game */,
				CEF23AAF244C98EA00D02FD7 /* Localizable.strings */,
				CE46A6FF2459595C000B1F27 /* Models */,
				CEA411E82452BC7F000A80B9 /* Nodes */,
				CEFADD89246737FD00A4A185 /* Sounds */,
				CEFE4D2C246FD3250077F44E /* View */,
			);
			path = Shared;
			sourceTree = "<group>";
		};
		CEFADD89246737FD00A4A185 /* Sounds */ = {
			isa = PBXGroup;
			children = (
				CEFADD8A246737FD00A4A185 /* crash.caf */,
				CE5A8DCF24680BF100750A79 /* fatal0.caf */,
				CE5A8DD2246810EC00750A79 /* fatal1.caf */,
				CE5A8DD1246810EC00750A79 /* fatal2.caf */,
				CE5A8DD3246810EC00750A79 /* fatal3.caf */,
				CEFE4D2D246FD3750077F44E /* spawn.caf */,
			);
			path = Sounds;
			sourceTree = "<group>";
		};
		CEFE4D2C246FD3250077F44E /* View */ = {
			isa = PBXGroup;
			children = (
				CEE5DBAE246E736D00C2FE73 /* AiView.swift */,
				CEE5DBB1246E739800C2FE73 /* MultiplayerView.swift */,
				CE2CC6ED244C996C00C21893 /* View.swift */,
			);
			path = View;
			sourceTree = "<group>";
		};
/* End PBXGroup section */

/* Begin PBXNativeTarget section */
		CEF23A7C244C8EA200D02FD7 /* macOS */ = {
			isa = PBXNativeTarget;
			buildConfigurationList = CEF23A8B244C8EA200D02FD7 /* Build configuration list for PBXNativeTarget "macOS" */;
			buildPhases = (
				CEF23A79244C8EA200D02FD7 /* Sources */,
				CEF23A7A244C8EA200D02FD7 /* Frameworks */,
				CEF23A7B244C8EA200D02FD7 /* Resources */,
			);
			buildRules = (
			);
			dependencies = (
			);
			name = macOS;
			packageProductDependencies = (
				CEF23AAB244C97F000D02FD7 /* Balam */,
				CE5A66C124543D5E00609B51 /* Brain */,
			);
			productName = mac;
			productReference = CEF23A7D244C8EA200D02FD7 /* Lines.app */;
			productType = "com.apple.product-type.application";
		};
		CEF23A91244C8EB100D02FD7 /* iOS */ = {
			isa = PBXNativeTarget;
			buildConfigurationList = CEF23AA3244C8EB100D02FD7 /* Build configuration list for PBXNativeTarget "iOS" */;
			buildPhases = (
				CEF23A8E244C8EB100D02FD7 /* Sources */,
				CEF23A8F244C8EB100D02FD7 /* Frameworks */,
				CEF23A90244C8EB100D02FD7 /* Resources */,
			);
			buildRules = (
			);
			dependencies = (
			);
			name = iOS;
			packageProductDependencies = (
				CE40E01224692B4200549907 /* Balam */,
				CE40E01424692B4200549907 /* Brain */,
			);
			productName = ios;
			productReference = CEF23A92244C8EB100D02FD7 /* Lines.app */;
			productType = "com.apple.product-type.application";
		};
/* End PBXNativeTarget section */

/* Begin PBXProject section */
		CEF23A73244C8E6F00D02FD7 /* Project object */ = {
			isa = PBXProject;
			attributes = {
				LastSwiftUpdateCheck = 1140;
				LastUpgradeCheck = 1150;
				TargetAttributes = {
					CEF23A7C244C8EA200D02FD7 = {
						CreatedOnToolsVersion = 11.4.1;
					};
					CEF23A91244C8EB100D02FD7 = {
						CreatedOnToolsVersion = 11.4.1;
					};
				};
			};
			buildConfigurationList = CEF23A76244C8E6F00D02FD7 /* Build configuration list for PBXProject "neonlines" */;
			compatibilityVersion = "Xcode 9.3";
			developmentRegion = en;
			hasScannedForEncodings = 0;
			knownRegions = (
				en,
				Base,
			);
			mainGroup = CEF23A72244C8E6F00D02FD7;
			packageReferences = (
				CEF23AAA244C97F000D02FD7 /* XCRemoteSwiftPackageReference "balam" */,
				CE5A66C024543D5E00609B51 /* XCRemoteSwiftPackageReference "brain" */,
			);
			productRefGroup = CEF23A7E244C8EA200D02FD7 /* Products */;
			projectDirPath = "";
			projectRoot = "";
			targets = (
				CEF23A7C244C8EA200D02FD7 /* macOS */,
				CEF23A91244C8EB100D02FD7 /* iOS */,
			);
		};
/* End PBXProject section */

/* Begin PBXResourcesBuildPhase section */
		CEF23A7B244C8EA200D02FD7 /* Resources */ = {
			isa = PBXResourcesBuildPhase;
			buildActionMask = 2147483647;
			files = (
				CE5A8DD024680BF100750A79 /* fatal0.caf in Resources */,
				CEF23A85244C8EA200D02FD7 /* Assets.xcassets in Resources */,
				CEFE4D2E246FD3750077F44E /* spawn.caf in Resources */,
				CE5A8DD5246810EC00750A79 /* fatal1.caf in Resources */,
				CEFADD8C246737FD00A4A185 /* crash.caf in Resources */,
				CE9443D0244CA2E30087CDA9 /* Media.xcassets in Resources */,
				CE5A8DD6246810EC00750A79 /* fatal3.caf in Resources */,
				CEF23AB1244C98EA00D02FD7 /* Localizable.strings in Resources */,
				CE5A8DD4246810EC00750A79 /* fatal2.caf in Resources */,
			);
			runOnlyForDeploymentPostprocessing = 0;
		};
		CEF23A90244C8EB100D02FD7 /* Resources */ = {
			isa = PBXResourcesBuildPhase;
			buildActionMask = 2147483647;
			files = (
				CE86FBC2246B14820094A54C /* crash.caf in Resources */,
				CEF23AA1244C8EB100D02FD7 /* LaunchScreen.storyboard in Resources */,
				CE2CC6F0244C997100C21893 /* Localizable.strings in Resources */,
				CE86FBBE246B14770094A54C /* fatal0.caf in Resources */,
				CE86FBBF246B147A0094A54C /* fatal1.caf in Resources */,
				CE9443D1244CA2E30087CDA9 /* Media.xcassets in Resources */,
				CE86FBC1246B14800094A54C /* fatal3.caf in Resources */,
				CE86FBC0246B147D0094A54C /* fatal2.caf in Resources */,
				CEF23A9E244C8EB100D02FD7 /* Assets.xcassets in Resources */,
				CEFE4D2F246FD3750077F44E /* spawn.caf in Resources */,
			);
			runOnlyForDeploymentPostprocessing = 0;
		};
/* End PBXResourcesBuildPhase section */

/* Begin PBXSourcesBuildPhase section */
		CEF23A79244C8EA200D02FD7 /* Sources */ = {
			isa = PBXSourcesBuildPhase;
			buildActionMask = 2147483647;
			files = (
				CE42523C246B190300FA14D5 /* Point.swift in Sources */,
				CE2CC6F8244C9B0900C21893 /* String.swift in Sources */,
				CEBB442524743FF500B9B107 /* GameDelegate.swift in Sources */,
				CE86FBC8246B17720094A54C /* View+.swift in Sources */,
				CE382D3D2459CFF6004DE132 /* Font.swift in Sources */,
				CE769E69247267DF0038D0D8 /* Others.swift in Sources */,
				CEFADD882467304B00A4A185 /* Menu.swift in Sources */,
				CE382D3B2459CFBE004DE132 /* Label.swift in Sources */,
				CED910AE246BCF0D003FEE51 /* LabelNode.swift in Sources */,
				CE7D03392455E8E0001AC44B /* Hud.swift in Sources */,
				CE382D432459DB34004DE132 /* Button.swift in Sources */,
				CEF23A81244C8EA200D02FD7 /* App.swift in Sources */,
				CEED9C3524647B58006AA889 /* Froob.swift in Sources */,
				CE382D412459DAF1004DE132 /* Control.swift in Sources */,
				CE9443D3244CA5000087CDA9 /* Wheel.swift in Sources */,
				CEE5DBAC246E732F00C2FE73 /* Times.swift in Sources */,
				CE7CE25E2459EEED00CD8791 /* Store.swift in Sources */,
				CE09765A247CF3950037B2ED /* Chain.swift in Sources */,
				CE899EB4245EBAA00066824A /* GameOver.swift in Sources */,
				CEE5DBAF246E736D00C2FE73 /* AiView.swift in Sources */,
				CEF23AAE244C984100D02FD7 /* Window.swift in Sources */,
				CE7D033B2455F650001AC44B /* Minimap.swift in Sources */,
				CE382D452459DB56004DE132 /* Color.swift in Sources */,
				CEAD839C2478360F007CD3EC /* StoreDelegate.swift in Sources */,
				CE7CE25A2459E91400CD8791 /* Settings.swift in Sources */,
				CE899EB6245EBD930066824A /* Profile.swift in Sources */,
				CE4BB9F9246EE59500BE032E /* Report.swift in Sources */,
				CE2CC6EE244C996C00C21893 /* View.swift in Sources */,
				CE46A7012459596E000B1F27 /* Skin.swift in Sources */,
				CEF10FF5246FEF5A009FA1DD /* State.swift in Sources */,
				CEAD8399247832B6007CD3EC /* StoreMaster.swift in Sources */,
				CE7CE25C2459EC9600CD8791 /* Scroll.swift in Sources */,
				CE382D3F2459D363004DE132 /* Options.swift in Sources */,
				CEB5047A2450991E00D5B1BC /* Borders.swift in Sources */,
				CEBB44222474312A00B9B107 /* GameMaster.swift in Sources */,
				CEBB442824744AA600B9B107 /* Defeated.swift in Sources */,
				CEE5DBB2246E739800C2FE73 /* MultiplayerView.swift in Sources */,
				CED29E48245015BC00AE2F7F /* Player.swift in Sources */,
				CE899EB8245EC3B10066824A /* Separator.swift in Sources */,
				CE7D03372455E294001AC44B /* Line.swift in Sources */,
				CEDDDE1A2451C6F800C97E0A /* UInt32.swift in Sources */,
			);
			runOnlyForDeploymentPostprocessing = 0;
		};
		CEF23A8E244C8EB100D02FD7 /* Sources */ = {
			isa = PBXSourcesBuildPhase;
			buildActionMask = 2147483647;
			files = (
				CEF23A95244C8EB100D02FD7 /* Window.swift in Sources */,
				CE0E09422469AE6300FAD2C8 /* Control.swift in Sources */,
				CE86FBB5246B142B0094A54C /* View.swift in Sources */,
				CE86FBBA246B146C0094A54C /* Minimap.swift in Sources */,
				CE86FBBB246B146F0094A54C /* Player.swift in Sources */,
				CEE5DBB3246E739800C2FE73 /* MultiplayerView.swift in Sources */,
				CE5D3B0E246A7E920044C1D3 /* Scroll.swift in Sources */,
				CE86FBB7246B14610094A54C /* Borders.swift in Sources */,
				CEAD7B12246AFFDE005A34B1 /* Separator.swift in Sources */,
				CEE5DBAD246E732F00C2FE73 /* Times.swift in Sources */,
				CED910AF246BCF0D003FEE51 /* LabelNode.swift in Sources */,
				CE5E2184246BC5AA00FAD5AA /* GameOver.swift in Sources */,
				CEBB442624743FF500B9B107 /* GameDelegate.swift in Sources */,
				CEBB44232474312A00B9B107 /* GameMaster.swift in Sources */,
				CE40E01624692BEF00549907 /* Profile.swift in Sources */,
				CE5E2186246BC88700FAD5AA /* View+.swift in Sources */,
				CE0E09452469B17400FAD2C8 /* Color.swift in Sources */,
				CE09765B247CF3950037B2ED /* Chain.swift in Sources */,
				CE40E01124692A0600549907 /* Scene.swift in Sources */,
				CE2CC6F9244C9B0900C21893 /* String.swift in Sources */,
				CED910AC246BCA79003FEE51 /* Froob.swift in Sources */,
				CEE5DBB6246E76E600C2FE73 /* UIResponder.swift in Sources */,
				CE0F77B4246AFAD100EA3955 /* Store.swift in Sources */,
				CEAD839D2478360F007CD3EC /* StoreDelegate.swift in Sources */,
				CE769E6A247267DF0038D0D8 /* Others.swift in Sources */,
				CE900BF72472ED1400D80AFA /* Report.swift in Sources */,
				CE358AAE2469A66600C7FCAD /* Launch.swift in Sources */,
				CEF10FF6246FEF5A009FA1DD /* State.swift in Sources */,
				CEBB442924744AA600B9B107 /* Defeated.swift in Sources */,
				CEE5DBB0246E736D00C2FE73 /* AiView.swift in Sources */,
				CEAD839A24783585007CD3EC /* StoreMaster.swift in Sources */,
				CE40E01724692BF200549907 /* Skin.swift in Sources */,
				CE86FBB6246B14340094A54C /* UInt32.swift in Sources */,
				CE0E09442469B07200FAD2C8 /* Button.swift in Sources */,
				CE86FBB9246B14680094A54C /* Line.swift in Sources */,
				CE86FBBD246B14740094A54C /* Wheel.swift in Sources */,
				CE42523D246B190300FA14D5 /* Point.swift in Sources */,
				CE5D3B0C246A7DCD0044C1D3 /* Settings.swift in Sources */,
				CE358AB02469A86900C7FCAD /* Options.swift in Sources */,
				CE86FBB8246B14650094A54C /* Hud.swift in Sources */,
				CE5E2188246BC8AA00FAD5AA /* Controller.swift in Sources */,
			);
			runOnlyForDeploymentPostprocessing = 0;
		};
/* End PBXSourcesBuildPhase section */

/* Begin PBXVariantGroup section */
		CEF23A9F244C8EB100D02FD7 /* LaunchScreen.storyboard */ = {
			isa = PBXVariantGroup;
			children = (
				CEF23AA0244C8EB100D02FD7 /* Base */,
			);
			name = LaunchScreen.storyboard;
			sourceTree = "<group>";
		};
		CEF23AAF244C98EA00D02FD7 /* Localizable.strings */ = {
			isa = PBXVariantGroup;
			children = (
				CEF23AB0244C98EA00D02FD7 /* Base */,
			);
			name = Localizable.strings;
			sourceTree = "<group>";
		};
/* End PBXVariantGroup section */

/* Begin XCBuildConfiguration section */
		CEF23A77244C8E6F00D02FD7 /* Debug */ = {
			isa = XCBuildConfiguration;
			buildSettings = {
				CLANG_ENABLE_MODULES = YES;
				CLANG_WARN_BLOCK_CAPTURE_AUTORELEASING = YES;
				CLANG_WARN_BOOL_CONVERSION = YES;
				CLANG_WARN_COMMA = YES;
				CLANG_WARN_CONSTANT_CONVERSION = YES;
				CLANG_WARN_DEPRECATED_OBJC_IMPLEMENTATIONS = YES;
				CLANG_WARN_EMPTY_BODY = YES;
				CLANG_WARN_ENUM_CONVERSION = YES;
				CLANG_WARN_INFINITE_RECURSION = YES;
				CLANG_WARN_INT_CONVERSION = YES;
				CLANG_WARN_NON_LITERAL_NULL_CONVERSION = YES;
				CLANG_WARN_OBJC_IMPLICIT_RETAIN_SELF = YES;
				CLANG_WARN_OBJC_LITERAL_CONVERSION = YES;
				CLANG_WARN_RANGE_LOOP_ANALYSIS = YES;
				CLANG_WARN_STRICT_PROTOTYPES = YES;
				CLANG_WARN_SUSPICIOUS_MOVE = YES;
				CLANG_WARN_UNREACHABLE_CODE = YES;
				CLANG_WARN__DUPLICATE_METHOD_MATCH = YES;
				DEBUG_INFORMATION_FORMAT = dwarf;
				ENABLE_BITCODE = YES;
				ENABLE_STRICT_OBJC_MSGSEND = YES;
				ENABLE_TESTABILITY = YES;
				GCC_NO_COMMON_BLOCKS = YES;
				GCC_OPTIMIZATION_LEVEL = 0;
				GCC_WARN_64_TO_32_BIT_CONVERSION = YES;
				GCC_WARN_ABOUT_RETURN_TYPE = YES;
				GCC_WARN_UNDECLARED_SELECTOR = YES;
				GCC_WARN_UNINITIALIZED_AUTOS = YES;
				GCC_WARN_UNUSED_FUNCTION = YES;
				GCC_WARN_UNUSED_VARIABLE = YES;
				IPHONEOS_DEPLOYMENT_TARGET = 13.0;
				MACOSX_DEPLOYMENT_TARGET = 10.15;
				ONLY_ACTIVE_ARCH = YES;
				PRODUCT_NAME = Lines;
				SWIFT_INSTALL_OBJC_HEADER = NO;
				SWIFT_OPTIMIZATION_LEVEL = "-Onone";
				SWIFT_VERSION = 5.0;
			};
			name = Debug;
		};
		CEF23A78244C8E6F00D02FD7 /* Release */ = {
			isa = XCBuildConfiguration;
			buildSettings = {
				CLANG_ENABLE_MODULES = YES;
				CLANG_WARN_BLOCK_CAPTURE_AUTORELEASING = YES;
				CLANG_WARN_BOOL_CONVERSION = YES;
				CLANG_WARN_COMMA = YES;
				CLANG_WARN_CONSTANT_CONVERSION = YES;
				CLANG_WARN_DEPRECATED_OBJC_IMPLEMENTATIONS = YES;
				CLANG_WARN_EMPTY_BODY = YES;
				CLANG_WARN_ENUM_CONVERSION = YES;
				CLANG_WARN_INFINITE_RECURSION = YES;
				CLANG_WARN_INT_CONVERSION = YES;
				CLANG_WARN_NON_LITERAL_NULL_CONVERSION = YES;
				CLANG_WARN_OBJC_IMPLICIT_RETAIN_SELF = YES;
				CLANG_WARN_OBJC_LITERAL_CONVERSION = YES;
				CLANG_WARN_RANGE_LOOP_ANALYSIS = YES;
				CLANG_WARN_STRICT_PROTOTYPES = YES;
				CLANG_WARN_SUSPICIOUS_MOVE = YES;
				CLANG_WARN_UNREACHABLE_CODE = YES;
				CLANG_WARN__DUPLICATE_METHOD_MATCH = YES;
				DEBUG_INFORMATION_FORMAT = "dwarf-with-dsym";
				ENABLE_BITCODE = YES;
				ENABLE_STRICT_OBJC_MSGSEND = YES;
				GCC_NO_COMMON_BLOCKS = YES;
				GCC_OPTIMIZATION_LEVEL = 3;
				GCC_WARN_64_TO_32_BIT_CONVERSION = YES;
				GCC_WARN_ABOUT_RETURN_TYPE = YES;
				GCC_WARN_UNDECLARED_SELECTOR = YES;
				GCC_WARN_UNINITIALIZED_AUTOS = YES;
				GCC_WARN_UNUSED_FUNCTION = YES;
				GCC_WARN_UNUSED_VARIABLE = YES;
				IPHONEOS_DEPLOYMENT_TARGET = 13.0;
				MACOSX_DEPLOYMENT_TARGET = 10.15;
				PRODUCT_NAME = Lines;
				SWIFT_COMPILATION_MODE = wholemodule;
				SWIFT_INSTALL_OBJC_HEADER = NO;
				SWIFT_VERSION = 5.0;
			};
			name = Release;
		};
		CEF23A8C244C8EA200D02FD7 /* Debug */ = {
			isa = XCBuildConfiguration;
			buildSettings = {
				ALWAYS_SEARCH_USER_PATHS = NO;
				ASSETCATALOG_COMPILER_APPICON_NAME = AppIcon;
				CLANG_ANALYZER_NONNULL = YES;
				CLANG_ANALYZER_NUMBER_OBJECT_CONVERSION = YES_AGGRESSIVE;
				CLANG_CXX_LANGUAGE_STANDARD = "gnu++14";
				CLANG_ENABLE_OBJC_ARC = YES;
				CLANG_ENABLE_OBJC_WEAK = YES;
				CLANG_WARN_BLOCK_CAPTURE_AUTORELEASING = YES;
				CLANG_WARN_BOOL_CONVERSION = YES;
				CLANG_WARN_COMMA = YES;
				CLANG_WARN_CONSTANT_CONVERSION = YES;
				CLANG_WARN_DEPRECATED_OBJC_IMPLEMENTATIONS = YES;
				CLANG_WARN_DIRECT_OBJC_ISA_USAGE = YES_ERROR;
				CLANG_WARN_DOCUMENTATION_COMMENTS = YES;
				CLANG_WARN_EMPTY_BODY = YES;
				CLANG_WARN_ENUM_CONVERSION = YES;
				CLANG_WARN_INFINITE_RECURSION = YES;
				CLANG_WARN_INT_CONVERSION = YES;
				CLANG_WARN_NON_LITERAL_NULL_CONVERSION = YES;
				CLANG_WARN_OBJC_IMPLICIT_RETAIN_SELF = YES;
				CLANG_WARN_OBJC_LITERAL_CONVERSION = YES;
				CLANG_WARN_OBJC_ROOT_CLASS = YES_ERROR;
				CLANG_WARN_RANGE_LOOP_ANALYSIS = YES;
				CLANG_WARN_STRICT_PROTOTYPES = YES;
				CLANG_WARN_SUSPICIOUS_MOVE = YES;
				CLANG_WARN_UNGUARDED_AVAILABILITY = YES_AGGRESSIVE;
				CLANG_WARN_UNREACHABLE_CODE = YES;
				CLANG_WARN__DUPLICATE_METHOD_MATCH = YES;
				CODE_SIGN_ENTITLEMENTS = macOS/mac.entitlements;
				CODE_SIGN_IDENTITY = "Apple Development";
				CODE_SIGN_STYLE = Automatic;
				COMBINE_HIDPI_IMAGES = YES;
				COPY_PHASE_STRIP = NO;
				CURRENT_PROJECT_VERSION = 202;
				DEVELOPMENT_TEAM = 7AMWG3RLHN;
				ENABLE_HARDENED_RUNTIME = YES;
				ENABLE_STRICT_OBJC_MSGSEND = YES;
				ENABLE_TESTABILITY = YES;
				GCC_C_LANGUAGE_STANDARD = gnu11;
				GCC_DYNAMIC_NO_PIC = NO;
				GCC_NO_COMMON_BLOCKS = YES;
				GCC_PREPROCESSOR_DEFINITIONS = (
					"DEBUG=1",
					"$(inherited)",
				);
				GCC_WARN_64_TO_32_BIT_CONVERSION = YES;
				GCC_WARN_ABOUT_RETURN_TYPE = YES_ERROR;
				GCC_WARN_UNDECLARED_SELECTOR = YES;
				GCC_WARN_UNINITIALIZED_AUTOS = YES_AGGRESSIVE;
				GCC_WARN_UNUSED_FUNCTION = YES;
				GCC_WARN_UNUSED_VARIABLE = YES;
				INFOPLIST_FILE = macOS/Info.plist;
				LD_RUNPATH_SEARCH_PATHS = (
					"$(inherited)",
					"@executable_path/../Frameworks",
				);
				MARKETING_VERSION = 202;
				MTL_ENABLE_DEBUG_INFO = INCLUDE_SOURCE;
				MTL_FAST_MATH = YES;
				ONLY_ACTIVE_ARCH = YES;
				PRODUCT_BUNDLE_IDENTIFIER = neon.lines;
				PROVISIONING_PROFILE_SPECIFIER = "";
				SDKROOT = macosx;
				SWIFT_ACTIVE_COMPILATION_CONDITIONS = DEBUG;
			};
			name = Debug;
		};
		CEF23A8D244C8EA200D02FD7 /* Release */ = {
			isa = XCBuildConfiguration;
			buildSettings = {
				ALWAYS_SEARCH_USER_PATHS = NO;
				ASSETCATALOG_COMPILER_APPICON_NAME = AppIcon;
				CLANG_ANALYZER_NONNULL = YES;
				CLANG_ANALYZER_NUMBER_OBJECT_CONVERSION = YES_AGGRESSIVE;
				CLANG_CXX_LANGUAGE_STANDARD = "gnu++14";
				CLANG_ENABLE_OBJC_ARC = YES;
				CLANG_ENABLE_OBJC_WEAK = YES;
				CLANG_WARN_BLOCK_CAPTURE_AUTORELEASING = YES;
				CLANG_WARN_BOOL_CONVERSION = YES;
				CLANG_WARN_COMMA = YES;
				CLANG_WARN_CONSTANT_CONVERSION = YES;
				CLANG_WARN_DEPRECATED_OBJC_IMPLEMENTATIONS = YES;
				CLANG_WARN_DIRECT_OBJC_ISA_USAGE = YES_ERROR;
				CLANG_WARN_DOCUMENTATION_COMMENTS = YES;
				CLANG_WARN_EMPTY_BODY = YES;
				CLANG_WARN_ENUM_CONVERSION = YES;
				CLANG_WARN_INFINITE_RECURSION = YES;
				CLANG_WARN_INT_CONVERSION = YES;
				CLANG_WARN_NON_LITERAL_NULL_CONVERSION = YES;
				CLANG_WARN_OBJC_IMPLICIT_RETAIN_SELF = YES;
				CLANG_WARN_OBJC_LITERAL_CONVERSION = YES;
				CLANG_WARN_OBJC_ROOT_CLASS = YES_ERROR;
				CLANG_WARN_RANGE_LOOP_ANALYSIS = YES;
				CLANG_WARN_STRICT_PROTOTYPES = YES;
				CLANG_WARN_SUSPICIOUS_MOVE = YES;
				CLANG_WARN_UNGUARDED_AVAILABILITY = YES_AGGRESSIVE;
				CLANG_WARN_UNREACHABLE_CODE = YES;
				CLANG_WARN__DUPLICATE_METHOD_MATCH = YES;
				CODE_SIGN_ENTITLEMENTS = macOS/mac.entitlements;
				CODE_SIGN_IDENTITY = "Apple Development";
				CODE_SIGN_STYLE = Automatic;
				COMBINE_HIDPI_IMAGES = YES;
				COPY_PHASE_STRIP = NO;
				CURRENT_PROJECT_VERSION = 202;
				DEVELOPMENT_TEAM = 7AMWG3RLHN;
				ENABLE_HARDENED_RUNTIME = YES;
				ENABLE_NS_ASSERTIONS = NO;
				ENABLE_STRICT_OBJC_MSGSEND = YES;
				GCC_C_LANGUAGE_STANDARD = gnu11;
				GCC_NO_COMMON_BLOCKS = YES;
				GCC_WARN_64_TO_32_BIT_CONVERSION = YES;
				GCC_WARN_ABOUT_RETURN_TYPE = YES_ERROR;
				GCC_WARN_UNDECLARED_SELECTOR = YES;
				GCC_WARN_UNINITIALIZED_AUTOS = YES_AGGRESSIVE;
				GCC_WARN_UNUSED_FUNCTION = YES;
				GCC_WARN_UNUSED_VARIABLE = YES;
				INFOPLIST_FILE = macOS/Info.plist;
				LD_RUNPATH_SEARCH_PATHS = (
					"$(inherited)",
					"@executable_path/../Frameworks",
				);
				MARKETING_VERSION = 202;
				MTL_ENABLE_DEBUG_INFO = NO;
				MTL_FAST_MATH = YES;
				PRODUCT_BUNDLE_IDENTIFIER = neon.lines;
				PROVISIONING_PROFILE_SPECIFIER = "";
				SDKROOT = macosx;
			};
			name = Release;
		};
		CEF23AA4244C8EB100D02FD7 /* Debug */ = {
			isa = XCBuildConfiguration;
			buildSettings = {
				ALWAYS_SEARCH_USER_PATHS = NO;
				ASSETCATALOG_COMPILER_APPICON_NAME = AppIcon;
				CLANG_ANALYZER_NONNULL = YES;
				CLANG_ANALYZER_NUMBER_OBJECT_CONVERSION = YES_AGGRESSIVE;
				CLANG_CXX_LANGUAGE_STANDARD = "gnu++14";
				CLANG_ENABLE_OBJC_ARC = YES;
				CLANG_ENABLE_OBJC_WEAK = YES;
				CLANG_WARN_BLOCK_CAPTURE_AUTORELEASING = YES;
				CLANG_WARN_BOOL_CONVERSION = YES;
				CLANG_WARN_COMMA = YES;
				CLANG_WARN_CONSTANT_CONVERSION = YES;
				CLANG_WARN_DEPRECATED_OBJC_IMPLEMENTATIONS = YES;
				CLANG_WARN_DIRECT_OBJC_ISA_USAGE = YES_ERROR;
				CLANG_WARN_DOCUMENTATION_COMMENTS = YES;
				CLANG_WARN_EMPTY_BODY = YES;
				CLANG_WARN_ENUM_CONVERSION = YES;
				CLANG_WARN_INFINITE_RECURSION = YES;
				CLANG_WARN_INT_CONVERSION = YES;
				CLANG_WARN_NON_LITERAL_NULL_CONVERSION = YES;
				CLANG_WARN_OBJC_IMPLICIT_RETAIN_SELF = YES;
				CLANG_WARN_OBJC_LITERAL_CONVERSION = YES;
				CLANG_WARN_OBJC_ROOT_CLASS = YES_ERROR;
				CLANG_WARN_RANGE_LOOP_ANALYSIS = YES;
				CLANG_WARN_STRICT_PROTOTYPES = YES;
				CLANG_WARN_SUSPICIOUS_MOVE = YES;
				CLANG_WARN_UNGUARDED_AVAILABILITY = YES_AGGRESSIVE;
				CLANG_WARN_UNREACHABLE_CODE = YES;
				CLANG_WARN__DUPLICATE_METHOD_MATCH = YES;
				CODE_SIGN_STYLE = Automatic;
				COPY_PHASE_STRIP = NO;
				CURRENT_PROJECT_VERSION = 202;
				DEVELOPMENT_TEAM = 7AMWG3RLHN;
				ENABLE_STRICT_OBJC_MSGSEND = YES;
				ENABLE_TESTABILITY = YES;
				GCC_C_LANGUAGE_STANDARD = gnu11;
				GCC_DYNAMIC_NO_PIC = NO;
				GCC_NO_COMMON_BLOCKS = YES;
				GCC_PREPROCESSOR_DEFINITIONS = (
					"DEBUG=1",
					"$(inherited)",
				);
				GCC_WARN_64_TO_32_BIT_CONVERSION = YES;
				GCC_WARN_ABOUT_RETURN_TYPE = YES_ERROR;
				GCC_WARN_UNDECLARED_SELECTOR = YES;
				GCC_WARN_UNINITIALIZED_AUTOS = YES_AGGRESSIVE;
				GCC_WARN_UNUSED_FUNCTION = YES;
				GCC_WARN_UNUSED_VARIABLE = YES;
				INFOPLIST_FILE = iOS/Info.plist;
				LD_RUNPATH_SEARCH_PATHS = (
					"$(inherited)",
					"@executable_path/Frameworks",
				);
				MARKETING_VERSION = 202;
				MTL_ENABLE_DEBUG_INFO = INCLUDE_SOURCE;
				MTL_FAST_MATH = YES;
				ONLY_ACTIVE_ARCH = YES;
				PRODUCT_BUNDLE_IDENTIFIER = neon.lines;
				PRODUCT_NAME = Lines;
				SDKROOT = iphoneos;
				SWIFT_ACTIVE_COMPILATION_CONDITIONS = DEBUG;
				TARGETED_DEVICE_FAMILY = "1,2";
			};
			name = Debug;
		};
		CEF23AA5244C8EB100D02FD7 /* Release */ = {
			isa = XCBuildConfiguration;
			buildSettings = {
				ALWAYS_SEARCH_USER_PATHS = NO;
				ASSETCATALOG_COMPILER_APPICON_NAME = AppIcon;
				CLANG_ANALYZER_NONNULL = YES;
				CLANG_ANALYZER_NUMBER_OBJECT_CONVERSION = YES_AGGRESSIVE;
				CLANG_CXX_LANGUAGE_STANDARD = "gnu++14";
				CLANG_ENABLE_OBJC_ARC = YES;
				CLANG_ENABLE_OBJC_WEAK = YES;
				CLANG_WARN_BLOCK_CAPTURE_AUTORELEASING = YES;
				CLANG_WARN_BOOL_CONVERSION = YES;
				CLANG_WARN_COMMA = YES;
				CLANG_WARN_CONSTANT_CONVERSION = YES;
				CLANG_WARN_DEPRECATED_OBJC_IMPLEMENTATIONS = YES;
				CLANG_WARN_DIRECT_OBJC_ISA_USAGE = YES_ERROR;
				CLANG_WARN_DOCUMENTATION_COMMENTS = YES;
				CLANG_WARN_EMPTY_BODY = YES;
				CLANG_WARN_ENUM_CONVERSION = YES;
				CLANG_WARN_INFINITE_RECURSION = YES;
				CLANG_WARN_INT_CONVERSION = YES;
				CLANG_WARN_NON_LITERAL_NULL_CONVERSION = YES;
				CLANG_WARN_OBJC_IMPLICIT_RETAIN_SELF = YES;
				CLANG_WARN_OBJC_LITERAL_CONVERSION = YES;
				CLANG_WARN_OBJC_ROOT_CLASS = YES_ERROR;
				CLANG_WARN_RANGE_LOOP_ANALYSIS = YES;
				CLANG_WARN_STRICT_PROTOTYPES = YES;
				CLANG_WARN_SUSPICIOUS_MOVE = YES;
				CLANG_WARN_UNGUARDED_AVAILABILITY = YES_AGGRESSIVE;
				CLANG_WARN_UNREACHABLE_CODE = YES;
				CLANG_WARN__DUPLICATE_METHOD_MATCH = YES;
				CODE_SIGN_STYLE = Automatic;
				COPY_PHASE_STRIP = NO;
				CURRENT_PROJECT_VERSION = 202;
				DEVELOPMENT_TEAM = 7AMWG3RLHN;
				ENABLE_NS_ASSERTIONS = NO;
				ENABLE_STRICT_OBJC_MSGSEND = YES;
				GCC_C_LANGUAGE_STANDARD = gnu11;
				GCC_NO_COMMON_BLOCKS = YES;
				GCC_WARN_64_TO_32_BIT_CONVERSION = YES;
				GCC_WARN_ABOUT_RETURN_TYPE = YES_ERROR;
				GCC_WARN_UNDECLARED_SELECTOR = YES;
				GCC_WARN_UNINITIALIZED_AUTOS = YES_AGGRESSIVE;
				GCC_WARN_UNUSED_FUNCTION = YES;
				GCC_WARN_UNUSED_VARIABLE = YES;
				INFOPLIST_FILE = iOS/Info.plist;
				LD_RUNPATH_SEARCH_PATHS = (
					"$(inherited)",
					"@executable_path/Frameworks",
				);
				MARKETING_VERSION = 202;
				MTL_ENABLE_DEBUG_INFO = NO;
				MTL_FAST_MATH = YES;
				PRODUCT_BUNDLE_IDENTIFIER = neon.lines;
				PRODUCT_NAME = Lines;
				SDKROOT = iphoneos;
				TARGETED_DEVICE_FAMILY = "1,2";
				VALIDATE_PRODUCT = YES;
			};
			name = Release;
		};
/* End XCBuildConfiguration section */

/* Begin XCConfigurationList section */
		CEF23A76244C8E6F00D02FD7 /* Build configuration list for PBXProject "neonlines" */ = {
			isa = XCConfigurationList;
			buildConfigurations = (
				CEF23A77244C8E6F00D02FD7 /* Debug */,
				CEF23A78244C8E6F00D02FD7 /* Release */,
			);
			defaultConfigurationIsVisible = 0;
			defaultConfigurationName = Release;
		};
		CEF23A8B244C8EA200D02FD7 /* Build configuration list for PBXNativeTarget "macOS" */ = {
			isa = XCConfigurationList;
			buildConfigurations = (
				CEF23A8C244C8EA200D02FD7 /* Debug */,
				CEF23A8D244C8EA200D02FD7 /* Release */,
			);
			defaultConfigurationIsVisible = 0;
			defaultConfigurationName = Release;
		};
		CEF23AA3244C8EB100D02FD7 /* Build configuration list for PBXNativeTarget "iOS" */ = {
			isa = XCConfigurationList;
			buildConfigurations = (
				CEF23AA4244C8EB100D02FD7 /* Debug */,
				CEF23AA5244C8EB100D02FD7 /* Release */,
			);
			defaultConfigurationIsVisible = 0;
			defaultConfigurationName = Release;
		};
/* End XCConfigurationList section */

/* Begin XCRemoteSwiftPackageReference section */
		CE5A66C024543D5E00609B51 /* XCRemoteSwiftPackageReference "brain" */ = {
			isa = XCRemoteSwiftPackageReference;
			repositoryURL = "https://github.com/neonlines/brain.git";
			requirement = {
				branch = master;
				kind = branch;
			};
		};
		CEF23AAA244C97F000D02FD7 /* XCRemoteSwiftPackageReference "balam" */ = {
			isa = XCRemoteSwiftPackageReference;
			repositoryURL = "https://github.com/catverse/balam.git";
			requirement = {
				branch = master;
				kind = branch;
			};
		};
/* End XCRemoteSwiftPackageReference section */

/* Begin XCSwiftPackageProductDependency section */
		CE40E01224692B4200549907 /* Balam */ = {
			isa = XCSwiftPackageProductDependency;
			package = CEF23AAA244C97F000D02FD7 /* XCRemoteSwiftPackageReference "balam" */;
			productName = Balam;
		};
		CE40E01424692B4200549907 /* Brain */ = {
			isa = XCSwiftPackageProductDependency;
			package = CE5A66C024543D5E00609B51 /* XCRemoteSwiftPackageReference "brain" */;
			productName = Brain;
		};
		CE5A66C124543D5E00609B51 /* Brain */ = {
			isa = XCSwiftPackageProductDependency;
			package = CE5A66C024543D5E00609B51 /* XCRemoteSwiftPackageReference "brain" */;
			productName = Brain;
		};
		CEF23AAB244C97F000D02FD7 /* Balam */ = {
			isa = XCSwiftPackageProductDependency;
			package = CEF23AAA244C97F000D02FD7 /* XCRemoteSwiftPackageReference "balam" */;
			productName = Balam;
		};
/* End XCSwiftPackageProductDependency section */
	};
	rootObject = CEF23A73244C8E6F00D02FD7 /* Project object */;
}
