{
  "object": {
    "pins": [
      {
        "package": "Balam",
        "repositoryURL": "https://github.com/catverse/balam.git",
        "state": {
          "branch": "master",
          "revision": "2d889305b9befc049a120d80148dff688b80a2bd",
          "version": null
        }
      },
      {
        "package": "Brain",
        "repositoryURL": "https://github.com/neonlines/brain.git",
        "state": {
          "branch": "master",
          "revision": "b62e0a41a58f02593847857eb0bc8a4bb7b2d7c6",
          "version": null
        }
      }
    ]
  },
  "version": 1
}
